
Microsoft Visual Studio Solution File, Format Version 12.00
Project("{FAE04EC0-301F-11D3-BF4B-00C04F79EFBC}") = "TaskEvaluator", "TaskEvaluator\TaskEvaluator.csproj", "{CE121A80-ADB3-4A99-93D7-7CE6B6F283CB}"
EndProject
Project("{FAE04EC0-301F-11D3-BF4B-00C04F79EFBC}") = "TaskEvaluator.Api", "TaskEvaluator.Api\TaskEvaluator.Api.csproj", "{5863C04C-3EF0-456B-AE9F-6F1AEA3C14E0}"
EndProject
Project("{2150E333-8FDC-42A3-9474-1A3956D46DE8}") = "Solution Items", "Solution Items", "{9D60021D-5BE5-4E58-BE3E-528B90A063B3}"
EndProject
Project("{2150E333-8FDC-42A3-9474-1A3956D46DE8}") = "Languages", "Languages", "{26854194-B6C2-437A-90C8-6B4C6B9CBD0A}"
EndProject
Project("{FAE04EC0-301F-11D3-BF4B-00C04F79EFBC}") = "TaskEvaluator.Language.CSharp", "Languages\TaskEvaluator.Language.CSharp\TaskEvaluator.Language.CSharp.csproj", "{4CDE1D15-94F2-457F-8732-6F2C6A2F91CF}"
EndProject
Global
	GlobalSection(SolutionConfigurationPlatforms) = preSolution
		Debug|Any CPU = Debug|Any CPU
		Release|Any CPU = Release|Any CPU
	EndGlobalSection
	GlobalSection(ProjectConfigurationPlatforms) = postSolution
		{CE121A80-ADB3-4A99-93D7-7CE6B6F283CB}.Debug|Any CPU.ActiveCfg = Debug|Any CPU
		{CE121A80-ADB3-4A99-93D7-7CE6B6F283CB}.Debug|Any CPU.Build.0 = Debug|Any CPU
		{CE121A80-ADB3-4A99-93D7-7CE6B6F283CB}.Release|Any CPU.ActiveCfg = Release|Any CPU
		{CE121A80-ADB3-4A99-93D7-7CE6B6F283CB}.Release|Any CPU.Build.0 = Release|Any CPU
		{5863C04C-3EF0-456B-AE9F-6F1AEA3C14E0}.Debug|Any CPU.ActiveCfg = Debug|Any CPU
		{5863C04C-3EF0-456B-AE9F-6F1AEA3C14E0}.Debug|Any CPU.Build.0 = Debug|Any CPU
		{5863C04C-3EF0-456B-AE9F-6F1AEA3C14E0}.Release|Any CPU.ActiveCfg = Release|Any CPU
		{5863C04C-3EF0-456B-AE9F-6F1AEA3C14E0}.Release|Any CPU.Build.0 = Release|Any CPU
		{4CDE1D15-94F2-457F-8732-6F2C6A2F91CF}.Debug|Any CPU.ActiveCfg = Debug|Any CPU
		{4CDE1D15-94F2-457F-8732-6F2C6A2F91CF}.Debug|Any CPU.Build.0 = Debug|Any CPU
		{4CDE1D15-94F2-457F-8732-6F2C6A2F91CF}.Release|Any CPU.ActiveCfg = Release|Any CPU
		{4CDE1D15-94F2-457F-8732-6F2C6A2F91CF}.Release|Any CPU.Build.0 = Release|Any CPU
	EndGlobalSection
	GlobalSection(NestedProjects) = preSolution
		{4CDE1D15-94F2-457F-8732-6F2C6A2F91CF} = {26854194-B6C2-437A-90C8-6B4C6B9CBD0A}
	EndGlobalSection
EndGlobal
